// !$*UTF8*$!
{
	archiveVersion = 1;
	classes = {
	};
	objectVersion = 46;
	objects = {

/* Begin PBXBuildFile section */
		C82A43E91AA6015D008037CC /* AppDelegate.swift in Sources */ = {isa = PBXBuildFile; fileRef = C82A43E81AA6015D008037CC /* AppDelegate.swift */; };
		C82A43EB1AA6015D008037CC /* ViewController.swift in Sources */ = {isa = PBXBuildFile; fileRef = C82A43EA1AA6015D008037CC /* ViewController.swift */; };
		C82A43EE1AA6015D008037CC /* Main.storyboard in Resources */ = {isa = PBXBuildFile; fileRef = C82A43EC1AA6015D008037CC /* Main.storyboard */; };
		C82A43F01AA6015D008037CC /* Images.xcassets in Resources */ = {isa = PBXBuildFile; fileRef = C82A43EF1AA6015D008037CC /* Images.xcassets */; };
		C82A43F31AA6015D008037CC /* LaunchScreen.xib in Resources */ = {isa = PBXBuildFile; fileRef = C82A43F11AA6015D008037CC /* LaunchScreen.xib */; };
		C82A43FF1AA6015D008037CC /* Tic_Tac_ToeTests.swift in Sources */ = {isa = PBXBuildFile; fileRef = C82A43FE1AA6015D008037CC /* Tic_Tac_ToeTests.swift */; };
		C82A440B1AA60183008037CC /* board.png in Resources */ = {isa = PBXBuildFile; fileRef = C82A44081AA60183008037CC /* board.png */; };
		C82A440C1AA60183008037CC /* cross.png in Resources */ = {isa = PBXBuildFile; fileRef = C82A44091AA60183008037CC /* cross.png */; };
		C82A440D1AA60183008037CC /* nought.png in Resources */ = {isa = PBXBuildFile; fileRef = C82A440A1AA60183008037CC /* nought.png */; };
/* End PBXBuildFile section */

/* Begin PBXContainerItemProxy section */
		C82A43F91AA6015D008037CC /* PBXContainerItemProxy */ = {
			isa = PBXContainerItemProxy;
			containerPortal = C82A43DB1AA6015D008037CC /* Project object */;
			proxyType = 1;
			remoteGlobalIDString = C82A43E21AA6015D008037CC;
			remoteInfo = "Tic Tac Toe";
		};
/* End PBXContainerItemProxy section */

/* Begin PBXFileReference section */
		C82A43E31AA6015D008037CC /* Tic Tac Toe.app */ = {isa = PBXFileReference; explicitFileType = wrapper.application; includeInIndex = 0; path = "Tic Tac Toe.app"; sourceTree = BUILT_PRODUCTS_DIR; };
		C82A43E71AA6015D008037CC /* Info.plist */ = {isa = PBXFileReference; lastKnownFileType = text.plist.xml; path = Info.plist; sourceTree = "<group>"; };
		C82A43E81AA6015D008037CC /* AppDelegate.swift */ = {isa = PBXFileReference; lastKnownFileType = sourcecode.swift; path = AppDelegate.swift; sourceTree = "<group>"; };
		C82A43EA1AA6015D008037CC /* ViewController.swift */ = {isa = PBXFileReference; lastKnownFileType = sourcecode.swift; path = ViewController.swift; sourceTree = "<group>"; };
		C82A43ED1AA6015D008037CC /* Base */ = {isa = PBXFileReference; lastKnownFileType = file.storyboard; name = Base; path = Base.lproj/Main.storyboard; sourceTree = "<group>"; };
		C82A43EF1AA6015D008037CC /* Images.xcassets */ = {isa = PBXFileReference; lastKnownFileType = folder.assetcatalog; path = Images.xcassets; sourceTree = "<group>"; };
		C82A43F21AA6015D008037CC /* Base */ = {isa = PBXFileReference; lastKnownFileType = file.xib; name = Base; path = Base.lproj/LaunchScreen.xib; sourceTree = "<group>"; };
		C82A43F81AA6015D008037CC /* Tic Tac ToeTests.xctest */ = {isa = PBXFileReference; explicitFileType = wrapper.cfbundle; includeInIndex = 0; path = "Tic Tac ToeTests.xctest"; sourceTree = BUILT_PRODUCTS_DIR; };
		C82A43FD1AA6015D008037CC /* Info.plist */ = {isa = PBXFileReference; lastKnownFileType = text.plist.xml; path = Info.plist; sourceTree = "<group>"; };
		C82A43FE1AA6015D008037CC /* Tic_Tac_ToeTests.swift */ = {isa = PBXFileReference; lastKnownFileType = sourcecode.swift; path = Tic_Tac_ToeTests.swift; sourceTree = "<group>"; };
		C82A44081AA60183008037CC /* board.png */ = {isa = PBXFileReference; lastKnownFileType = image.png; path = board.png; sourceTree = "<group>"; };
		C82A44091AA60183008037CC /* cross.png */ = {isa = PBXFileReference; lastKnownFileType = image.png; path = cross.png; sourceTree = "<group>"; };
		C82A440A1AA60183008037CC /* nought.png */ = {isa = PBXFileReference; lastKnownFileType = image.png; path = nought.png; sourceTree = "<group>"; };
/* End PBXFileReference section */

/* Begin PBXFrameworksBuildPhase section */
		C82A43E01AA6015D008037CC /* Frameworks */ = {
			isa = PBXFrameworksBuildPhase;
			buildActionMask = 2147483647;
			files = (
			);
			runOnlyForDeploymentPostprocessing = 0;
		};
		C82A43F51AA6015D008037CC /* Frameworks */ = {
			isa = PBXFrameworksBuildPhase;
			buildActionMask = 2147483647;
			files = (
			);
			runOnlyForDeploymentPostprocessing = 0;
		};
/* End PBXFrameworksBuildPhase section */

/* Begin PBXGroup section */
		C82A43DA1AA6015D008037CC = {
			isa = PBXGroup;
			children = (
				C82A43E51AA6015D008037CC /* Tic Tac Toe */,
				C82A43FB1AA6015D008037CC /* Tic Tac ToeTests */,
				C82A43E41AA6015D008037CC /* Products */,
			);
			sourceTree = "<group>";
		};
		C82A43E41AA6015D008037CC /* Products */ = {
			isa = PBXGroup;
			children = (
				C82A43E31AA6015D008037CC /* Tic Tac Toe.app */,
				C82A43F81AA6015D008037CC /* Tic Tac ToeTests.xctest */,
			);
			name = Products;
			sourceTree = "<group>";
		};
		C82A43E51AA6015D008037CC /* Tic Tac Toe */ = {
			isa = PBXGroup;
			children = (
				C82A43E81AA6015D008037CC /* AppDelegate.swift */,
				C82A43EA1AA6015D008037CC /* ViewController.swift */,
				C82A44081AA60183008037CC /* board.png */,
				C82A44091AA60183008037CC /* cross.png */,
				C82A440A1AA60183008037CC /* nought.png */,
				C82A43EC1AA6015D008037CC /* Main.storyboard */,
				C82A43EF1AA6015D008037CC /* Images.xcassets */,
				C82A43F11AA6015D008037CC /* LaunchScreen.xib */,
				C82A43E61AA6015D008037CC /* Supporting Files */,
			);
			path = "Tic Tac Toe";
			sourceTree = "<group>";
		};
		C82A43E61AA6015D008037CC /* Supporting Files */ = {
			isa = PBXGroup;
			children = (
				C82A43E71AA6015D008037CC /* Info.plist */,
			);
			name = "Supporting Files";
			sourceTree = "<group>";
		};
		C82A43FB1AA6015D008037CC /* Tic Tac ToeTests */ = {
			isa = PBXGroup;
			children = (
				C82A43FE1AA6015D008037CC /* Tic_Tac_ToeTests.swift */,
				C82A43FC1AA6015D008037CC /* Supporting Files */,
			);
			path = "Tic Tac ToeTests";
			sourceTree = "<group>";
		};
		C82A43FC1AA6015D008037CC /* Supporting Files */ = {
			isa = PBXGroup;
			children = (
				C82A43FD1AA6015D008037CC /* Info.plist */,
			);
			name = "Supporting Files";
			sourceTree = "<group>";
		};
/* End PBXGroup section */

/* Begin PBXNativeTarget section */
		C82A43E21AA6015D008037CC /* Tic Tac Toe */ = {
			isa = PBXNativeTarget;
			buildConfigurationList = C82A44021AA6015D008037CC /* Build configuration list for PBXNativeTarget "Tic Tac Toe" */;
			buildPhases = (
				C82A43DF1AA6015D008037CC /* Sources */,
				C82A43E01AA6015D008037CC /* Frameworks */,
				C82A43E11AA6015D008037CC /* Resources */,
			);
			buildRules = (
			);
			dependencies = (
			);
			name = "Tic Tac Toe";
			productName = "Tic Tac Toe";
			productReference = C82A43E31AA6015D008037CC /* Tic Tac Toe.app */;
			productType = "com.apple.product-type.application";
		};
		C82A43F71AA6015D008037CC /* Tic Tac ToeTests */ = {
			isa = PBXNativeTarget;
			buildConfigurationList = C82A44051AA6015D008037CC /* Build configuration list for PBXNativeTarget "Tic Tac ToeTests" */;
			buildPhases = (
				C82A43F41AA6015D008037CC /* Sources */,
				C82A43F51AA6015D008037CC /* Frameworks */,
				C82A43F61AA6015D008037CC /* Resources */,
			);
			buildRules = (
			);
			dependencies = (
				C82A43FA1AA6015D008037CC /* PBXTargetDependency */,
			);
			name = "Tic Tac ToeTests";
			productName = "Tic Tac ToeTests";
			productReference = C82A43F81AA6015D008037CC /* Tic Tac ToeTests.xctest */;
			productType = "com.apple.product-type.bundle.unit-test";
		};
/* End PBXNativeTarget section */

/* Begin PBXProject section */
		C82A43DB1AA6015D008037CC /* Project object */ = {
			isa = PBXProject;
			attributes = {
				LastUpgradeCheck = 0630;
				ORGANIZATIONNAME = Appfish;
				TargetAttributes = {
					C82A43E21AA6015D008037CC = {
						CreatedOnToolsVersion = 6.3;
					};
					C82A43F71AA6015D008037CC = {
						CreatedOnToolsVersion = 6.3;
						TestTargetID = C82A43E21AA6015D008037CC;
					};
				};
			};
			buildConfigurationList = C82A43DE1AA6015D008037CC /* Build configuration list for PBXProject "Tic Tac Toe" */;
			compatibilityVersion = "Xcode 3.2";
			developmentRegion = English;
			hasScannedForEncodings = 0;
			knownRegions = (
				en,
				Base,
			);
			mainGroup = C82A43DA1AA6015D008037CC;
			productRefGroup = C82A43E41AA6015D008037CC /* Products */;
			projectDirPath = "";
			projectRoot = "";
			targets = (
				C82A43E21AA6015D008037CC /* Tic Tac Toe */,
				C82A43F71AA6015D008037CC /* Tic Tac ToeTests */,
			);
		};
/* End PBXProject section */

/* Begin PBXResourcesBuildPhase section */
		C82A43E11AA6015D008037CC /* Resources */ = {
			isa = PBXResourcesBuildPhase;
			buildActionMask = 2147483647;
			files = (
				C82A440C1AA60183008037CC /* cross.png in Resources */,
				C82A440B1AA60183008037CC /* board.png in Resources */,
				C82A440D1AA60183008037CC /* nought.png in Resources */,
				C82A43EE1AA6015D008037CC /* Main.storyboard in Resources */,
				C82A43F31AA6015D008037CC /* LaunchScreen.xib in Resources */,
				C82A43F01AA6015D008037CC /* Images.xcassets in Resources */,
			);
			runOnlyForDeploymentPostprocessing = 0;
		};
		C82A43F61AA6015D008037CC /* Resources */ = {
			isa = PBXResourcesBuildPhase;
			buildActionMask = 2147483647;
			files = (
			);
			runOnlyForDeploymentPostprocessing = 0;
		};
/* End PBXResourcesBuildPhase section */

/* Begin PBXSourcesBuildPhase section */
		C82A43DF1AA6015D008037CC /* Sources */ = {
			isa = PBXSourcesBuildPhase;
			buildActionMask = 2147483647;
			files = (
				C82A43EB1AA6015D008037CC /* ViewController.swift in Sources */,
				C82A43E91AA6015D008037CC /* AppDelegate.swift in Sources */,
			);
			runOnlyForDeploymentPostprocessing = 0;
		};
		C82A43F41AA6015D008037CC /* Sources */ = {
			isa = PBXSourcesBuildPhase;
			buildActionMask = 2147483647;
			files = (
				C82A43FF1AA6015D008037CC /* Tic_Tac_ToeTests.swift in Sources */,
			);
			runOnlyForDeploymentPostprocessing = 0;
		};
/* End PBXSourcesBuildPhase section */

/* Begin PBXTargetDependency section */
		C82A43FA1AA6015D008037CC /* PBXTargetDependency */ = {
			isa = PBXTargetDependency;
			target = C82A43E21AA6015D008037CC /* Tic Tac Toe */;
			targetProxy = C82A43F91AA6015D008037CC /* PBXContainerItemProxy */;
		};
/* End PBXTargetDependency section */

/* Begin PBXVariantGroup section */
		C82A43EC1AA6015D008037CC /* Main.storyboard */ = {
			isa = PBXVariantGroup;
			children = (
				C82A43ED1AA6015D008037CC /* Base */,
			);
			name = Main.storyboard;
			sourceTree = "<group>";
		};
		C82A43F11AA6015D008037CC /* LaunchScreen.xib */ = {
			isa = PBXVariantGroup;
			children = (
				C82A43F21AA6015D008037CC /* Base */,
			);
			name = LaunchScreen.xib;
			sourceTree = "<group>";
		};
/* End PBXVariantGroup section */

/* Begin XCBuildConfiguration section */
		C82A44001AA6015D008037CC /* Debug */ = {
			isa = XCBuildConfiguration;
			buildSettings = {
				ALWAYS_SEARCH_USER_PATHS = NO;
				CLANG_CXX_LANGUAGE_STANDARD = "gnu++0x";
				CLANG_CXX_LIBRARY = "libc++";
				CLANG_ENABLE_MODULES = YES;
				CLANG_ENABLE_OBJC_ARC = YES;
				CLANG_WARN_BOOL_CONVERSION = YES;
				CLANG_WARN_CONSTANT_CONVERSION = YES;
				CLANG_WARN_DIRECT_OBJC_ISA_USAGE = YES_ERROR;
				CLANG_WARN_EMPTY_BODY = YES;
				CLANG_WARN_ENUM_CONVERSION = YES;
				CLANG_WARN_INT_CONVERSION = YES;
				CLANG_WARN_OBJC_ROOT_CLASS = YES_ERROR;
				CLANG_WARN_UNREACHABLE_CODE = YES;
				CLANG_WARN__DUPLICATE_METHOD_MATCH = YES;
				"CODE_SIGN_IDENTITY[sdk=iphoneos*]" = "iPhone Developer";
				COPY_PHASE_STRIP = NO;
				DEBUG_INFORMATION_FORMAT = dwarf;
				ENABLE_STRICT_OBJC_MSGSEND = YES;
				GCC_C_LANGUAGE_STANDARD = gnu99;
				GCC_DYNAMIC_NO_PIC = NO;
				GCC_OPTIMIZATION_LEVEL = 0;
				GCC_PREPROCESSOR_DEFINITIONS = (
					"DEBUG=1",
					"$(inherited)",
				);
				GCC_SYMBOLS_PRIVATE_EXTERN = NO;
				GCC_WARN_64_TO_32_BIT_CONVERSION = YES;
				GCC_WARN_ABOUT_RETURN_TYPE = YES_ERROR;
				GCC_WARN_UNDECLARED_SELECTOR = YES;
				GCC_WARN_UNINITIALIZED_AUTOS = YES_AGGRESSIVE;
				GCC_WARN_UNUSED_FUNCTION = YES;
				GCC_WARN_UNUSED_VARIABLE = YES;
				IPHONEOS_DEPLOYMENT_TARGET = 8.3;
				MTL_ENABLE_DEBUG_INFO = YES;
				ONLY_ACTIVE_ARCH = YES;
				SDKROOT = iphoneos;
				SWIFT_OPTIMIZATION_LEVEL = "-Onone";
			};
			name = Debug;
		};
		C82A44011AA6015D008037CC /* Release */ = {
			isa = XCBuildConfiguration;
			buildSettings = {
				ALWAYS_SEARCH_USER_PATHS = NO;
				CLANG_CXX_LANGUAGE_STANDARD = "gnu++0x";
				CLANG_CXX_LIBRARY = "libc++";
				CLANG_ENABLE_MODULES = YES;
				CLANG_ENABLE_OBJC_ARC = YES;
				CLANG_WARN_BOOL_CONVERSION = YES;
				CLANG_WARN_CONSTANT_CONVERSION = YES;
				CLANG_WARN_DIRECT_OBJC_ISA_USAGE = YES_ERROR;
				CLANG_WARN_EMPTY_BODY = YES;
				CLANG_WARN_ENUM_CONVERSION = YES;
				CLANG_WARN_INT_CONVERSION = YES;
				CLANG_WARN_OBJC_ROOT_CLASS = YES_ERROR;
				CLANG_WARN_UNREACHABLE_CODE = YES;
				CLANG_WARN__DUPLICATE_METHOD_MATCH = YES;
				"CODE_SIGN_IDENTITY[sdk=iphoneos*]" = "iPhone Developer";
				COPY_PHASE_STRIP = NO;
				DEBUG_INFORMATION_FORMAT = "dwarf-with-dsym";
				ENABLE_NS_ASSERTIONS = NO;
				ENABLE_STRICT_OBJC_MSGSEND = YES;
				GCC_C_LANGUAGE_STANDARD = gnu99;
				GCC_WARN_64_TO_32_BIT_CONVERSION = YES;
				GCC_WARN_ABOUT_RETURN_TYPE = YES_ERROR;
				GCC_WARN_UNDECLARED_SELECTOR = YES;
				GCC_WARN_UNINITIALIZED_AUTOS = YES_AGGRESSIVE;
				GCC_WARN_UNUSED_FUNCTION = YES;
				GCC_WARN_UNUSED_VARIABLE = YES;
				IPHONEOS_DEPLOYMENT_TARGET = 8.3;
				MTL_ENABLE_DEBUG_INFO = NO;
				SDKROOT = iphoneos;
				VALIDATE_PRODUCT = YES;
			};
			name = Release;
		};
		C82A44031AA6015D008037CC /* Debug */ = {
			isa = XCBuildConfiguration;
			buildSettings = {
				ASSETCATALOG_COMPILER_APPICON_NAME = AppIcon;
				INFOPLIST_FILE = "Tic Tac Toe/Info.plist";
				IPHONEOS_DEPLOYMENT_TARGET = 7.0;
				LD_RUNPATH_SEARCH_PATHS = "$(inherited) @executable_path/Frameworks";
				PRODUCT_NAME = "$(TARGET_NAME)";
				SDKROOT = iphoneos8.1;
			};
			name = Debug;
		};
		C82A44041AA6015D008037CC /* Release */ = {
			isa = XCBuildConfiguration;
			buildSettings = {
				ASSETCATALOG_COMPILER_APPICON_NAME = AppIcon;
				INFOPLIST_FILE = "Tic Tac Toe/Info.plist";
				IPHONEOS_DEPLOYMENT_TARGET = 7.0;
				LD_RUNPATH_SEARCH_PATHS = "$(inherited) @executable_path/Frameworks";
				PRODUCT_NAME = "$(TARGET_NAME)";
				SDKROOT = iphoneos8.1;
			};
			name = Release;
		};
		C82A44061AA6015D008037CC /* Debug */ = {
			isa = XCBuildConfiguration;
			buildSettings = {
				BUNDLE_LOADER = "$(TEST_HOST)";
				FRAMEWORK_SEARCH_PATHS = (
					"$(SDKROOT)/Developer/Library/Frameworks",
					"$(inherited)",
				);
				GCC_PREPROCESSOR_DEFINITIONS = (
					"DEBUG=1",
					"$(inherited)",
				);
				INFOPLIST_FILE = "Tic Tac ToeTests/Info.plist";
				LD_RUNPATH_SEARCH_PATHS = "$(inherited) @executable_path/Frameworks @loader_path/Frameworks";
				PRODUCT_NAME = "$(TARGET_NAME)";
				TEST_HOST = "$(BUILT_PRODUCTS_DIR)/Tic Tac Toe.app/Tic Tac Toe";
			};
			name = Debug;
		};
		C82A44071AA6015D008037CC /* Release */ = {
			isa = XCBuildConfiguration;
			buildSettings = {
				BUNDLE_LOADER = "$(TEST_HOST)";
				FRAMEWORK_SEARCH_PATHS = (
					"$(SDKROOT)/Developer/Library/Frameworks",
					"$(inherited)",
				);
				INFOPLIST_FILE = "Tic Tac ToeTests/Info.plist";
				LD_RUNPATH_SEARCH_PATHS = "$(inherited) @executable_path/Frameworks @loader_path/Frameworks";
				PRODUCT_NAME = "$(TARGET_NAME)";
				TEST_HOST = "$(BUILT_PRODUCTS_DIR)/Tic Tac Toe.app/Tic Tac Toe";
			};
			name = Release;
		};
/* End XCBuildConfiguration section */

/* Begin XCConfigurationList section */
		C82A43DE1AA6015D008037CC /* Build configuration list for PBXProject "Tic Tac Toe" */ = {
			isa = XCConfigurationList;
			buildConfigurations = (
				C82A44001AA6015D008037CC /* Debug */,
				C82A44011AA6015D008037CC /* Release */,
			);
			defaultConfigurationIsVisible = 0;
			defaultConfigurationName = Release;
		};
		C82A44021AA6015D008037CC /* Build configuration list for PBXNativeTarget "Tic Tac Toe" */ = {
			isa = XCConfigurationList;
			buildConfigurations = (
				C82A44031AA6015D008037CC /* Debug */,
				C82A44041AA6015D008037CC /* Release */,
			);
			defaultConfigurationIsVisible = 0;
			defaultConfigurationName = Release;
		};
		C82A44051AA6015D008037CC /* Build configuration list for PBXNativeTarget "Tic Tac ToeTests" */ = {
			isa = XCConfigurationList;
			buildConfigurations = (
				C82A44061AA6015D008037CC /* Debug */,
				C82A44071AA6015D008037CC /* Release */,
			);
			defaultConfigurationIsVisible = 0;
			defaultConfigurationName = Release;
		};
/* End XCConfigurationList section */
	};
	rootObject = C82A43DB1AA6015D008037CC /* Project object */;
}
