// !$*UTF8*$!
{
	archiveVersion = 1;
	classes = {
	};
	objectVersion = 46;
	objects = {

/* Begin PBXBuildFile section */
		C87EC9341A691C9D00653082 /* AppDelegate.swift in Sources */ = {isa = PBXBuildFile; fileRef = C87EC9331A691C9D00653082 /* AppDelegate.swift */; };
		C87EC9361A691C9D00653082 /* FirstViewController.swift in Sources */ = {isa = PBXBuildFile; fileRef = C87EC9351A691C9D00653082 /* FirstViewController.swift */; };
		C87EC9381A691C9D00653082 /* SecondViewController.swift in Sources */ = {isa = PBXBuildFile; fileRef = C87EC9371A691C9D00653082 /* SecondViewController.swift */; };
		C87EC93B1A691C9D00653082 /* Main.storyboard in Resources */ = {isa = PBXBuildFile; fileRef = C87EC9391A691C9D00653082 /* Main.storyboard */; };
		C87EC93D1A691C9D00653082 /* Images.xcassets in Resources */ = {isa = PBXBuildFile; fileRef = C87EC93C1A691C9D00653082 /* Images.xcassets */; };
		C87EC9401A691C9D00653082 /* LaunchScreen.xib in Resources */ = {isa = PBXBuildFile; fileRef = C87EC93E1A691C9D00653082 /* LaunchScreen.xib */; };
		C87EC94C1A691C9D00653082 /* To_Do_ListTests.swift in Sources */ = {isa = PBXBuildFile; fileRef = C87EC94B1A691C9D00653082 /* To_Do_ListTests.swift */; };
/* End PBXBuildFile section */

/* Begin PBXContainerItemProxy section */
		C87EC9461A691C9D00653082 /* PBXContainerItemProxy */ = {
			isa = PBXContainerItemProxy;
			containerPortal = C87EC9261A691C9D00653082 /* Project object */;
			proxyType = 1;
			remoteGlobalIDString = C87EC92D1A691C9D00653082;
			remoteInfo = "To Do List";
		};
/* End PBXContainerItemProxy section */

/* Begin PBXFileReference section */
		C87EC92E1A691C9D00653082 /* To Do List.app */ = {isa = PBXFileReference; explicitFileType = wrapper.application; includeInIndex = 0; path = "To Do List.app"; sourceTree = BUILT_PRODUCTS_DIR; };
		C87EC9321A691C9D00653082 /* Info.plist */ = {isa = PBXFileReference; lastKnownFileType = text.plist.xml; path = Info.plist; sourceTree = "<group>"; };
		C87EC9331A691C9D00653082 /* AppDelegate.swift */ = {isa = PBXFileReference; lastKnownFileType = sourcecode.swift; path = AppDelegate.swift; sourceTree = "<group>"; };
		C87EC9351A691C9D00653082 /* FirstViewController.swift */ = {isa = PBXFileReference; lastKnownFileType = sourcecode.swift; path = FirstViewController.swift; sourceTree = "<group>"; };
		C87EC9371A691C9D00653082 /* SecondViewController.swift */ = {isa = PBXFileReference; lastKnownFileType = sourcecode.swift; path = SecondViewController.swift; sourceTree = "<group>"; };
		C87EC93A1A691C9D00653082 /* Base */ = {isa = PBXFileReference; lastKnownFileType = file.storyboard; name = Base; path = Base.lproj/Main.storyboard; sourceTree = "<group>"; };
		C87EC93C1A691C9D00653082 /* Images.xcassets */ = {isa = PBXFileReference; lastKnownFileType = folder.assetcatalog; path = Images.xcassets; sourceTree = "<group>"; };
		C87EC93F1A691C9D00653082 /* Base */ = {isa = PBXFileReference; lastKnownFileType = file.xib; name = Base; path = Base.lproj/LaunchScreen.xib; sourceTree = "<group>"; };
		C87EC9451A691C9D00653082 /* To Do ListTests.xctest */ = {isa = PBXFileReference; explicitFileType = wrapper.cfbundle; includeInIndex = 0; path = "To Do ListTests.xctest"; sourceTree = BUILT_PRODUCTS_DIR; };
		C87EC94A1A691C9D00653082 /* Info.plist */ = {isa = PBXFileReference; lastKnownFileType = text.plist.xml; path = Info.plist; sourceTree = "<group>"; };
		C87EC94B1A691C9D00653082 /* To_Do_ListTests.swift */ = {isa = PBXFileReference; lastKnownFileType = sourcecode.swift; path = To_Do_ListTests.swift; sourceTree = "<group>"; };
/* End PBXFileReference section */

/* Begin PBXFrameworksBuildPhase section */
		C87EC92B1A691C9D00653082 /* Frameworks */ = {
			isa = PBXFrameworksBuildPhase;
			buildActionMask = 2147483647;
			files = (
			);
			runOnlyForDeploymentPostprocessing = 0;
		};
		C87EC9421A691C9D00653082 /* Frameworks */ = {
			isa = PBXFrameworksBuildPhase;
			buildActionMask = 2147483647;
			files = (
			);
			runOnlyForDeploymentPostprocessing = 0;
		};
/* End PBXFrameworksBuildPhase section */

/* Begin PBXGroup section */
		C87EC9251A691C9D00653082 = {
			isa = PBXGroup;
			children = (
				C87EC9301A691C9D00653082 /* To Do List */,
				C87EC9481A691C9D00653082 /* To Do ListTests */,
				C87EC92F1A691C9D00653082 /* Products */,
			);
			sourceTree = "<group>";
		};
		C87EC92F1A691C9D00653082 /* Products */ = {
			isa = PBXGroup;
			children = (
				C87EC92E1A691C9D00653082 /* To Do List.app */,
				C87EC9451A691C9D00653082 /* To Do ListTests.xctest */,
			);
			name = Products;
			sourceTree = "<group>";
		};
		C87EC9301A691C9D00653082 /* To Do List */ = {
			isa = PBXGroup;
			children = (
				C87EC9331A691C9D00653082 /* AppDelegate.swift */,
				C87EC9351A691C9D00653082 /* FirstViewController.swift */,
				C87EC9371A691C9D00653082 /* SecondViewController.swift */,
				C87EC9391A691C9D00653082 /* Main.storyboard */,
				C87EC93C1A691C9D00653082 /* Images.xcassets */,
				C87EC93E1A691C9D00653082 /* LaunchScreen.xib */,
				C87EC9311A691C9D00653082 /* Supporting Files */,
			);
			path = "To Do List";
			sourceTree = "<group>";
		};
		C87EC9311A691C9D00653082 /* Supporting Files */ = {
			isa = PBXGroup;
			children = (
				C87EC9321A691C9D00653082 /* Info.plist */,
			);
			name = "Supporting Files";
			sourceTree = "<group>";
		};
		C87EC9481A691C9D00653082 /* To Do ListTests */ = {
			isa = PBXGroup;
			children = (
				C87EC94B1A691C9D00653082 /* To_Do_ListTests.swift */,
				C87EC9491A691C9D00653082 /* Supporting Files */,
			);
			path = "To Do ListTests";
			sourceTree = "<group>";
		};
		C87EC9491A691C9D00653082 /* Supporting Files */ = {
			isa = PBXGroup;
			children = (
				C87EC94A1A691C9D00653082 /* Info.plist */,
			);
			name = "Supporting Files";
			sourceTree = "<group>";
		};
/* End PBXGroup section */

/* Begin PBXNativeTarget section */
		C87EC92D1A691C9D00653082 /* To Do List */ = {
			isa = PBXNativeTarget;
			buildConfigurationList = C87EC94F1A691C9D00653082 /* Build configuration list for PBXNativeTarget "To Do List" */;
			buildPhases = (
				C87EC92A1A691C9D00653082 /* Sources */,
				C87EC92B1A691C9D00653082 /* Frameworks */,
				C87EC92C1A691C9D00653082 /* Resources */,
			);
			buildRules = (
			);
			dependencies = (
			);
			name = "To Do List";
			productName = "To Do List";
			productReference = C87EC92E1A691C9D00653082 /* To Do List.app */;
			productType = "com.apple.product-type.application";
		};
		C87EC9441A691C9D00653082 /* To Do ListTests */ = {
			isa = PBXNativeTarget;
			buildConfigurationList = C87EC9521A691C9D00653082 /* Build configuration list for PBXNativeTarget "To Do ListTests" */;
			buildPhases = (
				C87EC9411A691C9D00653082 /* Sources */,
				C87EC9421A691C9D00653082 /* Frameworks */,
				C87EC9431A691C9D00653082 /* Resources */,
			);
			buildRules = (
			);
			dependencies = (
				C87EC9471A691C9D00653082 /* PBXTargetDependency */,
			);
			name = "To Do ListTests";
			productName = "To Do ListTests";
			productReference = C87EC9451A691C9D00653082 /* To Do ListTests.xctest */;
			productType = "com.apple.product-type.bundle.unit-test";
		};
/* End PBXNativeTarget section */

/* Begin PBXProject section */
		C87EC9261A691C9D00653082 /* Project object */ = {
			isa = PBXProject;
			attributes = {
				LastUpgradeCheck = 0620;
				ORGANIZATIONNAME = Appfish;
				TargetAttributes = {
					C87EC92D1A691C9D00653082 = {
						CreatedOnToolsVersion = 6.2;
					};
					C87EC9441A691C9D00653082 = {
						CreatedOnToolsVersion = 6.2;
						TestTargetID = C87EC92D1A691C9D00653082;
					};
				};
			};
			buildConfigurationList = C87EC9291A691C9D00653082 /* Build configuration list for PBXProject "To Do List" */;
			compatibilityVersion = "Xcode 3.2";
			developmentRegion = English;
			hasScannedForEncodings = 0;
			knownRegions = (
				en,
				Base,
			);
			mainGroup = C87EC9251A691C9D00653082;
			productRefGroup = C87EC92F1A691C9D00653082 /* Products */;
			projectDirPath = "";
			projectRoot = "";
			targets = (
				C87EC92D1A691C9D00653082 /* To Do List */,
				C87EC9441A691C9D00653082 /* To Do ListTests */,
			);
		};
/* End PBXProject section */

/* Begin PBXResourcesBuildPhase section */
		C87EC92C1A691C9D00653082 /* Resources */ = {
			isa = PBXResourcesBuildPhase;
			buildActionMask = 2147483647;
			files = (
				C87EC93B1A691C9D00653082 /* Main.storyboard in Resources */,
				C87EC9401A691C9D00653082 /* LaunchScreen.xib in Resources */,
				C87EC93D1A691C9D00653082 /* Images.xcassets in Resources */,
			);
			runOnlyForDeploymentPostprocessing = 0;
		};
		C87EC9431A691C9D00653082 /* Resources */ = {
			isa = PBXResourcesBuildPhase;
			buildActionMask = 2147483647;
			files = (
			);
			runOnlyForDeploymentPostprocessing = 0;
		};
/* End PBXResourcesBuildPhase section */

/* Begin PBXSourcesBuildPhase section */
		C87EC92A1A691C9D00653082 /* Sources */ = {
			isa = PBXSourcesBuildPhase;
			buildActionMask = 2147483647;
			files = (
				C87EC9381A691C9D00653082 /* SecondViewController.swift in Sources */,
				C87EC9341A691C9D00653082 /* AppDelegate.swift in Sources */,
				C87EC9361A691C9D00653082 /* FirstViewController.swift in Sources */,
			);
			runOnlyForDeploymentPostprocessing = 0;
		};
		C87EC9411A691C9D00653082 /* Sources */ = {
			isa = PBXSourcesBuildPhase;
			buildActionMask = 2147483647;
			files = (
				C87EC94C1A691C9D00653082 /* To_Do_ListTests.swift in Sources */,
			);
			runOnlyForDeploymentPostprocessing = 0;
		};
/* End PBXSourcesBuildPhase section */

/* Begin PBXTargetDependency section */
		C87EC9471A691C9D00653082 /* PBXTargetDependency */ = {
			isa = PBXTargetDependency;
			target = C87EC92D1A691C9D00653082 /* To Do List */;
			targetProxy = C87EC9461A691C9D00653082 /* PBXContainerItemProxy */;
		};
/* End PBXTargetDependency section */

/* Begin PBXVariantGroup section */
		C87EC9391A691C9D00653082 /* Main.storyboard */ = {
			isa = PBXVariantGroup;
			children = (
				C87EC93A1A691C9D00653082 /* Base */,
			);
			name = Main.storyboard;
			sourceTree = "<group>";
		};
		C87EC93E1A691C9D00653082 /* LaunchScreen.xib */ = {
			isa = PBXVariantGroup;
			children = (
				C87EC93F1A691C9D00653082 /* Base */,
			);
			name = LaunchScreen.xib;
			sourceTree = "<group>";
		};
/* End PBXVariantGroup section */

/* Begin XCBuildConfiguration section */
		C87EC94D1A691C9D00653082 /* Debug */ = {
			isa = XCBuildConfiguration;
			buildSettings = {
				ALWAYS_SEARCH_USER_PATHS = NO;
				CLANG_CXX_LANGUAGE_STANDARD = "gnu++0x";
				CLANG_CXX_LIBRARY = "libc++";
				CLANG_ENABLE_MODULES = YES;
				CLANG_ENABLE_OBJC_ARC = YES;
				CLANG_WARN_BOOL_CONVERSION = YES;
				CLANG_WARN_CONSTANT_CONVERSION = YES;
				CLANG_WARN_DIRECT_OBJC_ISA_USAGE = YES_ERROR;
				CLANG_WARN_EMPTY_BODY = YES;
				CLANG_WARN_ENUM_CONVERSION = YES;
				CLANG_WARN_INT_CONVERSION = YES;
				CLANG_WARN_OBJC_ROOT_CLASS = YES_ERROR;
				CLANG_WARN_UNREACHABLE_CODE = YES;
				CLANG_WARN__DUPLICATE_METHOD_MATCH = YES;
				"CODE_SIGN_IDENTITY[sdk=iphoneos*]" = "iPhone Developer";
				COPY_PHASE_STRIP = NO;
				ENABLE_STRICT_OBJC_MSGSEND = YES;
				GCC_C_LANGUAGE_STANDARD = gnu99;
				GCC_DYNAMIC_NO_PIC = NO;
				GCC_OPTIMIZATION_LEVEL = 0;
				GCC_PREPROCESSOR_DEFINITIONS = (
					"DEBUG=1",
					"$(inherited)",
				);
				GCC_SYMBOLS_PRIVATE_EXTERN = NO;
				GCC_WARN_64_TO_32_BIT_CONVERSION = YES;
				GCC_WARN_ABOUT_RETURN_TYPE = YES_ERROR;
				GCC_WARN_UNDECLARED_SELECTOR = YES;
				GCC_WARN_UNINITIALIZED_AUTOS = YES_AGGRESSIVE;
				GCC_WARN_UNUSED_FUNCTION = YES;
				GCC_WARN_UNUSED_VARIABLE = YES;
				IPHONEOS_DEPLOYMENT_TARGET = 8.2;
				MTL_ENABLE_DEBUG_INFO = YES;
				ONLY_ACTIVE_ARCH = YES;
				SDKROOT = iphoneos;
				SWIFT_OPTIMIZATION_LEVEL = "-Onone";
			};
			name = Debug;
		};
		C87EC94E1A691C9D00653082 /* Release */ = {
			isa = XCBuildConfiguration;
			buildSettings = {
				ALWAYS_SEARCH_USER_PATHS = NO;
				CLANG_CXX_LANGUAGE_STANDARD = "gnu++0x";
				CLANG_CXX_LIBRARY = "libc++";
				CLANG_ENABLE_MODULES = YES;
				CLANG_ENABLE_OBJC_ARC = YES;
				CLANG_WARN_BOOL_CONVERSION = YES;
				CLANG_WARN_CONSTANT_CONVERSION = YES;
				CLANG_WARN_DIRECT_OBJC_ISA_USAGE = YES_ERROR;
				CLANG_WARN_EMPTY_BODY = YES;
				CLANG_WARN_ENUM_CONVERSION = YES;
				CLANG_WARN_INT_CONVERSION = YES;
				CLANG_WARN_OBJC_ROOT_CLASS = YES_ERROR;
				CLANG_WARN_UNREACHABLE_CODE = YES;
				CLANG_WARN__DUPLICATE_METHOD_MATCH = YES;
				"CODE_SIGN_IDENTITY[sdk=iphoneos*]" = "iPhone Developer";
				COPY_PHASE_STRIP = NO;
				ENABLE_NS_ASSERTIONS = NO;
				ENABLE_STRICT_OBJC_MSGSEND = YES;
				GCC_C_LANGUAGE_STANDARD = gnu99;
				GCC_WARN_64_TO_32_BIT_CONVERSION = YES;
				GCC_WARN_ABOUT_RETURN_TYPE = YES_ERROR;
				GCC_WARN_UNDECLARED_SELECTOR = YES;
				GCC_WARN_UNINITIALIZED_AUTOS = YES_AGGRESSIVE;
				GCC_WARN_UNUSED_FUNCTION = YES;
				GCC_WARN_UNUSED_VARIABLE = YES;
				IPHONEOS_DEPLOYMENT_TARGET = 8.2;
				MTL_ENABLE_DEBUG_INFO = NO;
				SDKROOT = iphoneos;
				VALIDATE_PRODUCT = YES;
			};
			name = Release;
		};
		C87EC9501A691C9D00653082 /* Debug */ = {
			isa = XCBuildConfiguration;
			buildSettings = {
				ASSETCATALOG_COMPILER_APPICON_NAME = AppIcon;
				INFOPLIST_FILE = "To Do List/Info.plist";
				LD_RUNPATH_SEARCH_PATHS = "$(inherited) @executable_path/Frameworks";
				PRODUCT_NAME = "$(TARGET_NAME)";
			};
			name = Debug;
		};
		C87EC9511A691C9D00653082 /* Release */ = {
			isa = XCBuildConfiguration;
			buildSettings = {
				ASSETCATALOG_COMPILER_APPICON_NAME = AppIcon;
				INFOPLIST_FILE = "To Do List/Info.plist";
				LD_RUNPATH_SEARCH_PATHS = "$(inherited) @executable_path/Frameworks";
				PRODUCT_NAME = "$(TARGET_NAME)";
			};
			name = Release;
		};
		C87EC9531A691C9D00653082 /* Debug */ = {
			isa = XCBuildConfiguration;
			buildSettings = {
				BUNDLE_LOADER = "$(TEST_HOST)";
				FRAMEWORK_SEARCH_PATHS = (
					"$(SDKROOT)/Developer/Library/Frameworks",
					"$(inherited)",
				);
				GCC_PREPROCESSOR_DEFINITIONS = (
					"DEBUG=1",
					"$(inherited)",
				);
				INFOPLIST_FILE = "To Do ListTests/Info.plist";
				LD_RUNPATH_SEARCH_PATHS = "$(inherited) @executable_path/Frameworks @loader_path/Frameworks";
				PRODUCT_NAME = "$(TARGET_NAME)";
				TEST_HOST = "$(BUILT_PRODUCTS_DIR)/To Do List.app/To Do List";
			};
			name = Debug;
		};
		C87EC9541A691C9D00653082 /* Release */ = {
			isa = XCBuildConfiguration;
			buildSettings = {
				BUNDLE_LOADER = "$(TEST_HOST)";
				FRAMEWORK_SEARCH_PATHS = (
					"$(SDKROOT)/Developer/Library/Frameworks",
					"$(inherited)",
				);
				INFOPLIST_FILE = "To Do ListTests/Info.plist";
				LD_RUNPATH_SEARCH_PATHS = "$(inherited) @executable_path/Frameworks @loader_path/Frameworks";
				PRODUCT_NAME = "$(TARGET_NAME)";
				TEST_HOST = "$(BUILT_PRODUCTS_DIR)/To Do List.app/To Do List";
			};
			name = Release;
		};
/* End XCBuildConfiguration section */

/* Begin XCConfigurationList section */
		C87EC9291A691C9D00653082 /* Build configuration list for PBXProject "To Do List" */ = {
			isa = XCConfigurationList;
			buildConfigurations = (
				C87EC94D1A691C9D00653082 /* Debug */,
				C87EC94E1A691C9D00653082 /* Release */,
			);
			defaultConfigurationIsVisible = 0;
			defaultConfigurationName = Release;
		};
		C87EC94F1A691C9D00653082 /* Build configuration list for PBXNativeTarget "To Do List" */ = {
			isa = XCConfigurationList;
			buildConfigurations = (
				C87EC9501A691C9D00653082 /* Debug */,
				C87EC9511A691C9D00653082 /* Release */,
			);
			defaultConfigurationIsVisible = 0;
		};
		C87EC9521A691C9D00653082 /* Build configuration list for PBXNativeTarget "To Do ListTests" */ = {
			isa = XCConfigurationList;
			buildConfigurations = (
				C87EC9531A691C9D00653082 /* Debug */,
				C87EC9541A691C9D00653082 /* Release */,
			);
			defaultConfigurationIsVisible = 0;
		};
/* End XCConfigurationList section */
	};
	rootObject = C87EC9261A691C9D00653082 /* Project object */;
}
