// !$*UTF8*$!
{
	archiveVersion = 1;
	classes = {
	};
	objectVersion = 46;
	objects = {

/* Begin PBXBuildFile section */
		C86DF6ED1A443E7E00F6F621 /* AppDelegate.swift in Sources */ = {isa = PBXBuildFile; fileRef = C86DF6EC1A443E7E00F6F621 /* AppDelegate.swift */; };
		C86DF6EF1A443E7E00F6F621 /* ViewController.swift in Sources */ = {isa = PBXBuildFile; fileRef = C86DF6EE1A443E7E00F6F621 /* ViewController.swift */; };
		C86DF6F21A443E7E00F6F621 /* Main.storyboard in Resources */ = {isa = PBXBuildFile; fileRef = C86DF6F01A443E7E00F6F621 /* Main.storyboard */; };
		C86DF6F41A443E7E00F6F621 /* Images.xcassets in Resources */ = {isa = PBXBuildFile; fileRef = C86DF6F31A443E7E00F6F621 /* Images.xcassets */; };
		C86DF6F71A443E7E00F6F621 /* LaunchScreen.xib in Resources */ = {isa = PBXBuildFile; fileRef = C86DF6F51A443E7E00F6F621 /* LaunchScreen.xib */; };
		C86DF7031A443E7F00F6F621 /* Is_It_PrimeTests.swift in Sources */ = {isa = PBXBuildFile; fileRef = C86DF7021A443E7F00F6F621 /* Is_It_PrimeTests.swift */; };
/* End PBXBuildFile section */

/* Begin PBXContainerItemProxy section */
		C86DF6FD1A443E7F00F6F621 /* PBXContainerItemProxy */ = {
			isa = PBXContainerItemProxy;
			containerPortal = C86DF6DF1A443E7E00F6F621 /* Project object */;
			proxyType = 1;
			remoteGlobalIDString = C86DF6E61A443E7E00F6F621;
			remoteInfo = "Is It Prime";
		};
/* End PBXContainerItemProxy section */

/* Begin PBXFileReference section */
		C86DF6E71A443E7E00F6F621 /* Is It Prime.app */ = {isa = PBXFileReference; explicitFileType = wrapper.application; includeInIndex = 0; path = "Is It Prime.app"; sourceTree = BUILT_PRODUCTS_DIR; };
		C86DF6EB1A443E7E00F6F621 /* Info.plist */ = {isa = PBXFileReference; lastKnownFileType = text.plist.xml; path = Info.plist; sourceTree = "<group>"; };
		C86DF6EC1A443E7E00F6F621 /* AppDelegate.swift */ = {isa = PBXFileReference; lastKnownFileType = sourcecode.swift; path = AppDelegate.swift; sourceTree = "<group>"; };
		C86DF6EE1A443E7E00F6F621 /* ViewController.swift */ = {isa = PBXFileReference; lastKnownFileType = sourcecode.swift; path = ViewController.swift; sourceTree = "<group>"; };
		C86DF6F11A443E7E00F6F621 /* Base */ = {isa = PBXFileReference; lastKnownFileType = file.storyboard; name = Base; path = Base.lproj/Main.storyboard; sourceTree = "<group>"; };
		C86DF6F31A443E7E00F6F621 /* Images.xcassets */ = {isa = PBXFileReference; lastKnownFileType = folder.assetcatalog; path = Images.xcassets; sourceTree = "<group>"; };
		C86DF6F61A443E7E00F6F621 /* Base */ = {isa = PBXFileReference; lastKnownFileType = file.xib; name = Base; path = Base.lproj/LaunchScreen.xib; sourceTree = "<group>"; };
		C86DF6FC1A443E7F00F6F621 /* Is It PrimeTests.xctest */ = {isa = PBXFileReference; explicitFileType = wrapper.cfbundle; includeInIndex = 0; path = "Is It PrimeTests.xctest"; sourceTree = BUILT_PRODUCTS_DIR; };
		C86DF7011A443E7F00F6F621 /* Info.plist */ = {isa = PBXFileReference; lastKnownFileType = text.plist.xml; path = Info.plist; sourceTree = "<group>"; };
		C86DF7021A443E7F00F6F621 /* Is_It_PrimeTests.swift */ = {isa = PBXFileReference; lastKnownFileType = sourcecode.swift; path = Is_It_PrimeTests.swift; sourceTree = "<group>"; };
/* End PBXFileReference section */

/* Begin PBXFrameworksBuildPhase section */
		C86DF6E41A443E7E00F6F621 /* Frameworks */ = {
			isa = PBXFrameworksBuildPhase;
			buildActionMask = 2147483647;
			files = (
			);
			runOnlyForDeploymentPostprocessing = 0;
		};
		C86DF6F91A443E7F00F6F621 /* Frameworks */ = {
			isa = PBXFrameworksBuildPhase;
			buildActionMask = 2147483647;
			files = (
			);
			runOnlyForDeploymentPostprocessing = 0;
		};
/* End PBXFrameworksBuildPhase section */

/* Begin PBXGroup section */
		C86DF6DE1A443E7E00F6F621 = {
			isa = PBXGroup;
			children = (
				C86DF6E91A443E7E00F6F621 /* Is It Prime */,
				C86DF6FF1A443E7F00F6F621 /* Is It PrimeTests */,
				C86DF6E81A443E7E00F6F621 /* Products */,
			);
			sourceTree = "<group>";
		};
		C86DF6E81A443E7E00F6F621 /* Products */ = {
			isa = PBXGroup;
			children = (
				C86DF6E71A443E7E00F6F621 /* Is It Prime.app */,
				C86DF6FC1A443E7F00F6F621 /* Is It PrimeTests.xctest */,
			);
			name = Products;
			sourceTree = "<group>";
		};
		C86DF6E91A443E7E00F6F621 /* Is It Prime */ = {
			isa = PBXGroup;
			children = (
				C86DF6EC1A443E7E00F6F621 /* AppDelegate.swift */,
				C86DF6EE1A443E7E00F6F621 /* ViewController.swift */,
				C86DF6F01A443E7E00F6F621 /* Main.storyboard */,
				C86DF6F31A443E7E00F6F621 /* Images.xcassets */,
				C86DF6F51A443E7E00F6F621 /* LaunchScreen.xib */,
				C86DF6EA1A443E7E00F6F621 /* Supporting Files */,
			);
			path = "Is It Prime";
			sourceTree = "<group>";
		};
		C86DF6EA1A443E7E00F6F621 /* Supporting Files */ = {
			isa = PBXGroup;
			children = (
				C86DF6EB1A443E7E00F6F621 /* Info.plist */,
			);
			name = "Supporting Files";
			sourceTree = "<group>";
		};
		C86DF6FF1A443E7F00F6F621 /* Is It PrimeTests */ = {
			isa = PBXGroup;
			children = (
				C86DF7021A443E7F00F6F621 /* Is_It_PrimeTests.swift */,
				C86DF7001A443E7F00F6F621 /* Supporting Files */,
			);
			path = "Is It PrimeTests";
			sourceTree = "<group>";
		};
		C86DF7001A443E7F00F6F621 /* Supporting Files */ = {
			isa = PBXGroup;
			children = (
				C86DF7011A443E7F00F6F621 /* Info.plist */,
			);
			name = "Supporting Files";
			sourceTree = "<group>";
		};
/* End PBXGroup section */

/* Begin PBXNativeTarget section */
		C86DF6E61A443E7E00F6F621 /* Is It Prime */ = {
			isa = PBXNativeTarget;
			buildConfigurationList = C86DF7061A443E7F00F6F621 /* Build configuration list for PBXNativeTarget "Is It Prime" */;
			buildPhases = (
				C86DF6E31A443E7E00F6F621 /* Sources */,
				C86DF6E41A443E7E00F6F621 /* Frameworks */,
				C86DF6E51A443E7E00F6F621 /* Resources */,
			);
			buildRules = (
			);
			dependencies = (
			);
			name = "Is It Prime";
			productName = "Is It Prime";
			productReference = C86DF6E71A443E7E00F6F621 /* Is It Prime.app */;
			productType = "com.apple.product-type.application";
		};
		C86DF6FB1A443E7F00F6F621 /* Is It PrimeTests */ = {
			isa = PBXNativeTarget;
			buildConfigurationList = C86DF7091A443E7F00F6F621 /* Build configuration list for PBXNativeTarget "Is It PrimeTests" */;
			buildPhases = (
				C86DF6F81A443E7F00F6F621 /* Sources */,
				C86DF6F91A443E7F00F6F621 /* Frameworks */,
				C86DF6FA1A443E7F00F6F621 /* Resources */,
			);
			buildRules = (
			);
			dependencies = (
				C86DF6FE1A443E7F00F6F621 /* PBXTargetDependency */,
			);
			name = "Is It PrimeTests";
			productName = "Is It PrimeTests";
			productReference = C86DF6FC1A443E7F00F6F621 /* Is It PrimeTests.xctest */;
			productType = "com.apple.product-type.bundle.unit-test";
		};
/* End PBXNativeTarget section */

/* Begin PBXProject section */
		C86DF6DF1A443E7E00F6F621 /* Project object */ = {
			isa = PBXProject;
			attributes = {
				LastUpgradeCheck = 0620;
				ORGANIZATIONNAME = Appfish;
				TargetAttributes = {
					C86DF6E61A443E7E00F6F621 = {
						CreatedOnToolsVersion = 6.2;
					};
					C86DF6FB1A443E7F00F6F621 = {
						CreatedOnToolsVersion = 6.2;
						TestTargetID = C86DF6E61A443E7E00F6F621;
					};
				};
			};
			buildConfigurationList = C86DF6E21A443E7E00F6F621 /* Build configuration list for PBXProject "Is It Prime" */;
			compatibilityVersion = "Xcode 3.2";
			developmentRegion = English;
			hasScannedForEncodings = 0;
			knownRegions = (
				en,
				Base,
			);
			mainGroup = C86DF6DE1A443E7E00F6F621;
			productRefGroup = C86DF6E81A443E7E00F6F621 /* Products */;
			projectDirPath = "";
			projectRoot = "";
			targets = (
				C86DF6E61A443E7E00F6F621 /* Is It Prime */,
				C86DF6FB1A443E7F00F6F621 /* Is It PrimeTests */,
			);
		};
/* End PBXProject section */

/* Begin PBXResourcesBuildPhase section */
		C86DF6E51A443E7E00F6F621 /* Resources */ = {
			isa = PBXResourcesBuildPhase;
			buildActionMask = 2147483647;
			files = (
				C86DF6F21A443E7E00F6F621 /* Main.storyboard in Resources */,
				C86DF6F71A443E7E00F6F621 /* LaunchScreen.xib in Resources */,
				C86DF6F41A443E7E00F6F621 /* Images.xcassets in Resources */,
			);
			runOnlyForDeploymentPostprocessing = 0;
		};
		C86DF6FA1A443E7F00F6F621 /* Resources */ = {
			isa = PBXResourcesBuildPhase;
			buildActionMask = 2147483647;
			files = (
			);
			runOnlyForDeploymentPostprocessing = 0;
		};
/* End PBXResourcesBuildPhase section */

/* Begin PBXSourcesBuildPhase section */
		C86DF6E31A443E7E00F6F621 /* Sources */ = {
			isa = PBXSourcesBuildPhase;
			buildActionMask = 2147483647;
			files = (
				C86DF6EF1A443E7E00F6F621 /* ViewController.swift in Sources */,
				C86DF6ED1A443E7E00F6F621 /* AppDelegate.swift in Sources */,
			);
			runOnlyForDeploymentPostprocessing = 0;
		};
		C86DF6F81A443E7F00F6F621 /* Sources */ = {
			isa = PBXSourcesBuildPhase;
			buildActionMask = 2147483647;
			files = (
				C86DF7031A443E7F00F6F621 /* Is_It_PrimeTests.swift in Sources */,
			);
			runOnlyForDeploymentPostprocessing = 0;
		};
/* End PBXSourcesBuildPhase section */

/* Begin PBXTargetDependency section */
		C86DF6FE1A443E7F00F6F621 /* PBXTargetDependency */ = {
			isa = PBXTargetDependency;
			target = C86DF6E61A443E7E00F6F621 /* Is It Prime */;
			targetProxy = C86DF6FD1A443E7F00F6F621 /* PBXContainerItemProxy */;
		};
/* End PBXTargetDependency section */

/* Begin PBXVariantGroup section */
		C86DF6F01A443E7E00F6F621 /* Main.storyboard */ = {
			isa = PBXVariantGroup;
			children = (
				C86DF6F11A443E7E00F6F621 /* Base */,
			);
			name = Main.storyboard;
			sourceTree = "<group>";
		};
		C86DF6F51A443E7E00F6F621 /* LaunchScreen.xib */ = {
			isa = PBXVariantGroup;
			children = (
				C86DF6F61A443E7E00F6F621 /* Base */,
			);
			name = LaunchScreen.xib;
			sourceTree = "<group>";
		};
/* End PBXVariantGroup section */

/* Begin XCBuildConfiguration section */
		C86DF7041A443E7F00F6F621 /* Debug */ = {
			isa = XCBuildConfiguration;
			buildSettings = {
				ALWAYS_SEARCH_USER_PATHS = NO;
				CLANG_CXX_LANGUAGE_STANDARD = "gnu++0x";
				CLANG_CXX_LIBRARY = "libc++";
				CLANG_ENABLE_MODULES = YES;
				CLANG_ENABLE_OBJC_ARC = YES;
				CLANG_WARN_BOOL_CONVERSION = YES;
				CLANG_WARN_CONSTANT_CONVERSION = YES;
				CLANG_WARN_DIRECT_OBJC_ISA_USAGE = YES_ERROR;
				CLANG_WARN_EMPTY_BODY = YES;
				CLANG_WARN_ENUM_CONVERSION = YES;
				CLANG_WARN_INT_CONVERSION = YES;
				CLANG_WARN_OBJC_ROOT_CLASS = YES_ERROR;
				CLANG_WARN_UNREACHABLE_CODE = YES;
				CLANG_WARN__DUPLICATE_METHOD_MATCH = YES;
				"CODE_SIGN_IDENTITY[sdk=iphoneos*]" = "iPhone Developer";
				COPY_PHASE_STRIP = NO;
				ENABLE_STRICT_OBJC_MSGSEND = YES;
				GCC_C_LANGUAGE_STANDARD = gnu99;
				GCC_DYNAMIC_NO_PIC = NO;
				GCC_OPTIMIZATION_LEVEL = 0;
				GCC_PREPROCESSOR_DEFINITIONS = (
					"DEBUG=1",
					"$(inherited)",
				);
				GCC_SYMBOLS_PRIVATE_EXTERN = NO;
				GCC_WARN_64_TO_32_BIT_CONVERSION = YES;
				GCC_WARN_ABOUT_RETURN_TYPE = YES_ERROR;
				GCC_WARN_UNDECLARED_SELECTOR = YES;
				GCC_WARN_UNINITIALIZED_AUTOS = YES_AGGRESSIVE;
				GCC_WARN_UNUSED_FUNCTION = YES;
				GCC_WARN_UNUSED_VARIABLE = YES;
				IPHONEOS_DEPLOYMENT_TARGET = 8.2;
				MTL_ENABLE_DEBUG_INFO = YES;
				ONLY_ACTIVE_ARCH = YES;
				SDKROOT = iphoneos;
				SWIFT_OPTIMIZATION_LEVEL = "-Onone";
			};
			name = Debug;
		};
		C86DF7051A443E7F00F6F621 /* Release */ = {
			isa = XCBuildConfiguration;
			buildSettings = {
				ALWAYS_SEARCH_USER_PATHS = NO;
				CLANG_CXX_LANGUAGE_STANDARD = "gnu++0x";
				CLANG_CXX_LIBRARY = "libc++";
				CLANG_ENABLE_MODULES = YES;
				CLANG_ENABLE_OBJC_ARC = YES;
				CLANG_WARN_BOOL_CONVERSION = YES;
				CLANG_WARN_CONSTANT_CONVERSION = YES;
				CLANG_WARN_DIRECT_OBJC_ISA_USAGE = YES_ERROR;
				CLANG_WARN_EMPTY_BODY = YES;
				CLANG_WARN_ENUM_CONVERSION = YES;
				CLANG_WARN_INT_CONVERSION = YES;
				CLANG_WARN_OBJC_ROOT_CLASS = YES_ERROR;
				CLANG_WARN_UNREACHABLE_CODE = YES;
				CLANG_WARN__DUPLICATE_METHOD_MATCH = YES;
				"CODE_SIGN_IDENTITY[sdk=iphoneos*]" = "iPhone Developer";
				COPY_PHASE_STRIP = YES;
				ENABLE_NS_ASSERTIONS = NO;
				ENABLE_STRICT_OBJC_MSGSEND = YES;
				GCC_C_LANGUAGE_STANDARD = gnu99;
				GCC_WARN_64_TO_32_BIT_CONVERSION = YES;
				GCC_WARN_ABOUT_RETURN_TYPE = YES_ERROR;
				GCC_WARN_UNDECLARED_SELECTOR = YES;
				GCC_WARN_UNINITIALIZED_AUTOS = YES_AGGRESSIVE;
				GCC_WARN_UNUSED_FUNCTION = YES;
				GCC_WARN_UNUSED_VARIABLE = YES;
				IPHONEOS_DEPLOYMENT_TARGET = 8.2;
				MTL_ENABLE_DEBUG_INFO = NO;
				SDKROOT = iphoneos;
				VALIDATE_PRODUCT = YES;
			};
			name = Release;
		};
		C86DF7071A443E7F00F6F621 /* Debug */ = {
			isa = XCBuildConfiguration;
			buildSettings = {
				ASSETCATALOG_COMPILER_APPICON_NAME = AppIcon;
				INFOPLIST_FILE = "Is It Prime/Info.plist";
				LD_RUNPATH_SEARCH_PATHS = "$(inherited) @executable_path/Frameworks";
				PRODUCT_NAME = "$(TARGET_NAME)";
			};
			name = Debug;
		};
		C86DF7081A443E7F00F6F621 /* Release */ = {
			isa = XCBuildConfiguration;
			buildSettings = {
				ASSETCATALOG_COMPILER_APPICON_NAME = AppIcon;
				INFOPLIST_FILE = "Is It Prime/Info.plist";
				LD_RUNPATH_SEARCH_PATHS = "$(inherited) @executable_path/Frameworks";
				PRODUCT_NAME = "$(TARGET_NAME)";
			};
			name = Release;
		};
		C86DF70A1A443E7F00F6F621 /* Debug */ = {
			isa = XCBuildConfiguration;
			buildSettings = {
				BUNDLE_LOADER = "$(TEST_HOST)";
				FRAMEWORK_SEARCH_PATHS = (
					"$(SDKROOT)/Developer/Library/Frameworks",
					"$(inherited)",
				);
				GCC_PREPROCESSOR_DEFINITIONS = (
					"DEBUG=1",
					"$(inherited)",
				);
				INFOPLIST_FILE = "Is It PrimeTests/Info.plist";
				LD_RUNPATH_SEARCH_PATHS = "$(inherited) @executable_path/Frameworks @loader_path/Frameworks";
				PRODUCT_NAME = "$(TARGET_NAME)";
				TEST_HOST = "$(BUILT_PRODUCTS_DIR)/Is It Prime.app/Is It Prime";
			};
			name = Debug;
		};
		C86DF70B1A443E7F00F6F621 /* Release */ = {
			isa = XCBuildConfiguration;
			buildSettings = {
				BUNDLE_LOADER = "$(TEST_HOST)";
				FRAMEWORK_SEARCH_PATHS = (
					"$(SDKROOT)/Developer/Library/Frameworks",
					"$(inherited)",
				);
				INFOPLIST_FILE = "Is It PrimeTests/Info.plist";
				LD_RUNPATH_SEARCH_PATHS = "$(inherited) @executable_path/Frameworks @loader_path/Frameworks";
				PRODUCT_NAME = "$(TARGET_NAME)";
				TEST_HOST = "$(BUILT_PRODUCTS_DIR)/Is It Prime.app/Is It Prime";
			};
			name = Release;
		};
/* End XCBuildConfiguration section */

/* Begin XCConfigurationList section */
		C86DF6E21A443E7E00F6F621 /* Build configuration list for PBXProject "Is It Prime" */ = {
			isa = XCConfigurationList;
			buildConfigurations = (
				C86DF7041A443E7F00F6F621 /* Debug */,
				C86DF7051A443E7F00F6F621 /* Release */,
			);
			defaultConfigurationIsVisible = 0;
			defaultConfigurationName = Release;
		};
		C86DF7061A443E7F00F6F621 /* Build configuration list for PBXNativeTarget "Is It Prime" */ = {
			isa = XCConfigurationList;
			buildConfigurations = (
				C86DF7071A443E7F00F6F621 /* Debug */,
				C86DF7081A443E7F00F6F621 /* Release */,
			);
			defaultConfigurationIsVisible = 0;
		};
		C86DF7091A443E7F00F6F621 /* Build configuration list for PBXNativeTarget "Is It PrimeTests" */ = {
			isa = XCConfigurationList;
			buildConfigurations = (
				C86DF70A1A443E7F00F6F621 /* Debug */,
				C86DF70B1A443E7F00F6F621 /* Release */,
			);
			defaultConfigurationIsVisible = 0;
		};
/* End XCConfigurationList section */
	};
	rootObject = C86DF6DF1A443E7E00F6F621 /* Project object */;
}
