// !$*UTF8*$!
{
	archiveVersion = 1;
	classes = {
	};
	objectVersion = 46;
	objects = {

/* Begin PBXBuildFile section */
		C8B105E11962AE88005B6AC5 /* AppDelegate.swift in Sources */ = {isa = PBXBuildFile; fileRef = C8B105E01962AE88005B6AC5 /* AppDelegate.swift */; };
		C8B105E31962AE88005B6AC5 /* ViewController.swift in Sources */ = {isa = PBXBuildFile; fileRef = C8B105E21962AE88005B6AC5 /* ViewController.swift */; };
		C8B105E61962AE88005B6AC5 /* Main.storyboard in Resources */ = {isa = PBXBuildFile; fileRef = C8B105E41962AE88005B6AC5 /* Main.storyboard */; };
		C8B105E81962AE88005B6AC5 /* Images.xcassets in Resources */ = {isa = PBXBuildFile; fileRef = C8B105E71962AE88005B6AC5 /* Images.xcassets */; };
		C8B105F41962AE88005B6AC5 /* How_Many_FingersTests.swift in Sources */ = {isa = PBXBuildFile; fileRef = C8B105F31962AE88005B6AC5 /* How_Many_FingersTests.swift */; };
/* End PBXBuildFile section */

/* Begin PBXContainerItemProxy section */
		C8B105EE1962AE88005B6AC5 /* PBXContainerItemProxy */ = {
			isa = PBXContainerItemProxy;
			containerPortal = C8B105D31962AE88005B6AC5 /* Project object */;
			proxyType = 1;
			remoteGlobalIDString = C8B105DA1962AE88005B6AC5;
			remoteInfo = "How Many Fingers";
		};
/* End PBXContainerItemProxy section */

/* Begin PBXFileReference section */
		C8B105DB1962AE88005B6AC5 /* How Many Fingers.app */ = {isa = PBXFileReference; explicitFileType = wrapper.application; includeInIndex = 0; path = "How Many Fingers.app"; sourceTree = BUILT_PRODUCTS_DIR; };
		C8B105DF1962AE88005B6AC5 /* Info.plist */ = {isa = PBXFileReference; lastKnownFileType = text.plist.xml; path = Info.plist; sourceTree = "<group>"; };
		C8B105E01962AE88005B6AC5 /* AppDelegate.swift */ = {isa = PBXFileReference; lastKnownFileType = sourcecode.swift; path = AppDelegate.swift; sourceTree = "<group>"; };
		C8B105E21962AE88005B6AC5 /* ViewController.swift */ = {isa = PBXFileReference; lastKnownFileType = sourcecode.swift; path = ViewController.swift; sourceTree = "<group>"; };
		C8B105E51962AE88005B6AC5 /* Base */ = {isa = PBXFileReference; lastKnownFileType = file.storyboard; name = Base; path = Base.lproj/Main.storyboard; sourceTree = "<group>"; };
		C8B105E71962AE88005B6AC5 /* Images.xcassets */ = {isa = PBXFileReference; lastKnownFileType = folder.assetcatalog; path = Images.xcassets; sourceTree = "<group>"; };
		C8B105ED1962AE88005B6AC5 /* How Many FingersTests.xctest */ = {isa = PBXFileReference; explicitFileType = wrapper.cfbundle; includeInIndex = 0; path = "How Many FingersTests.xctest"; sourceTree = BUILT_PRODUCTS_DIR; };
		C8B105F21962AE88005B6AC5 /* Info.plist */ = {isa = PBXFileReference; lastKnownFileType = text.plist.xml; path = Info.plist; sourceTree = "<group>"; };
		C8B105F31962AE88005B6AC5 /* How_Many_FingersTests.swift */ = {isa = PBXFileReference; lastKnownFileType = sourcecode.swift; path = How_Many_FingersTests.swift; sourceTree = "<group>"; };
/* End PBXFileReference section */

/* Begin PBXFrameworksBuildPhase section */
		C8B105D81962AE88005B6AC5 /* Frameworks */ = {
			isa = PBXFrameworksBuildPhase;
			buildActionMask = 2147483647;
			files = (
			);
			runOnlyForDeploymentPostprocessing = 0;
		};
		C8B105EA1962AE88005B6AC5 /* Frameworks */ = {
			isa = PBXFrameworksBuildPhase;
			buildActionMask = 2147483647;
			files = (
			);
			runOnlyForDeploymentPostprocessing = 0;
		};
/* End PBXFrameworksBuildPhase section */

/* Begin PBXGroup section */
		C8B105D21962AE88005B6AC5 = {
			isa = PBXGroup;
			children = (
				C8B105DD1962AE88005B6AC5 /* How Many Fingers */,
				C8B105F01962AE88005B6AC5 /* How Many FingersTests */,
				C8B105DC1962AE88005B6AC5 /* Products */,
			);
			sourceTree = "<group>";
		};
		C8B105DC1962AE88005B6AC5 /* Products */ = {
			isa = PBXGroup;
			children = (
				C8B105DB1962AE88005B6AC5 /* How Many Fingers.app */,
				C8B105ED1962AE88005B6AC5 /* How Many FingersTests.xctest */,
			);
			name = Products;
			sourceTree = "<group>";
		};
		C8B105DD1962AE88005B6AC5 /* How Many Fingers */ = {
			isa = PBXGroup;
			children = (
				C8B105E01962AE88005B6AC5 /* AppDelegate.swift */,
				C8B105E21962AE88005B6AC5 /* ViewController.swift */,
				C8B105E41962AE88005B6AC5 /* Main.storyboard */,
				C8B105E71962AE88005B6AC5 /* Images.xcassets */,
				C8B105DE1962AE88005B6AC5 /* Supporting Files */,
			);
			path = "How Many Fingers";
			sourceTree = "<group>";
		};
		C8B105DE1962AE88005B6AC5 /* Supporting Files */ = {
			isa = PBXGroup;
			children = (
				C8B105DF1962AE88005B6AC5 /* Info.plist */,
			);
			name = "Supporting Files";
			sourceTree = "<group>";
		};
		C8B105F01962AE88005B6AC5 /* How Many FingersTests */ = {
			isa = PBXGroup;
			children = (
				C8B105F31962AE88005B6AC5 /* How_Many_FingersTests.swift */,
				C8B105F11962AE88005B6AC5 /* Supporting Files */,
			);
			path = "How Many FingersTests";
			sourceTree = "<group>";
		};
		C8B105F11962AE88005B6AC5 /* Supporting Files */ = {
			isa = PBXGroup;
			children = (
				C8B105F21962AE88005B6AC5 /* Info.plist */,
			);
			name = "Supporting Files";
			sourceTree = "<group>";
		};
/* End PBXGroup section */

/* Begin PBXNativeTarget section */
		C8B105DA1962AE88005B6AC5 /* How Many Fingers */ = {
			isa = PBXNativeTarget;
			buildConfigurationList = C8B105F71962AE88005B6AC5 /* Build configuration list for PBXNativeTarget "How Many Fingers" */;
			buildPhases = (
				C8B105D71962AE88005B6AC5 /* Sources */,
				C8B105D81962AE88005B6AC5 /* Frameworks */,
				C8B105D91962AE88005B6AC5 /* Resources */,
			);
			buildRules = (
			);
			dependencies = (
			);
			name = "How Many Fingers";
			productName = "How Many Fingers";
			productReference = C8B105DB1962AE88005B6AC5 /* How Many Fingers.app */;
			productType = "com.apple.product-type.application";
		};
		C8B105EC1962AE88005B6AC5 /* How Many FingersTests */ = {
			isa = PBXNativeTarget;
			buildConfigurationList = C8B105FA1962AE88005B6AC5 /* Build configuration list for PBXNativeTarget "How Many FingersTests" */;
			buildPhases = (
				C8B105E91962AE88005B6AC5 /* Sources */,
				C8B105EA1962AE88005B6AC5 /* Frameworks */,
				C8B105EB1962AE88005B6AC5 /* Resources */,
			);
			buildRules = (
			);
			dependencies = (
				C8B105EF1962AE88005B6AC5 /* PBXTargetDependency */,
			);
			name = "How Many FingersTests";
			productName = "How Many FingersTests";
			productReference = C8B105ED1962AE88005B6AC5 /* How Many FingersTests.xctest */;
			productType = "com.apple.product-type.bundle.unit-test";
		};
/* End PBXNativeTarget section */

/* Begin PBXProject section */
		C8B105D31962AE88005B6AC5 /* Project object */ = {
			isa = PBXProject;
			attributes = {
				LastUpgradeCheck = 0600;
				ORGANIZATIONNAME = Appfish;
				TargetAttributes = {
					C8B105DA1962AE88005B6AC5 = {
						CreatedOnToolsVersion = 6.0;
					};
					C8B105EC1962AE88005B6AC5 = {
						CreatedOnToolsVersion = 6.0;
						TestTargetID = C8B105DA1962AE88005B6AC5;
					};
				};
			};
			buildConfigurationList = C8B105D61962AE88005B6AC5 /* Build configuration list for PBXProject "How Many Fingers" */;
			compatibilityVersion = "Xcode 3.2";
			developmentRegion = English;
			hasScannedForEncodings = 0;
			knownRegions = (
				en,
				Base,
			);
			mainGroup = C8B105D21962AE88005B6AC5;
			productRefGroup = C8B105DC1962AE88005B6AC5 /* Products */;
			projectDirPath = "";
			projectRoot = "";
			targets = (
				C8B105DA1962AE88005B6AC5 /* How Many Fingers */,
				C8B105EC1962AE88005B6AC5 /* How Many FingersTests */,
			);
		};
/* End PBXProject section */

/* Begin PBXResourcesBuildPhase section */
		C8B105D91962AE88005B6AC5 /* Resources */ = {
			isa = PBXResourcesBuildPhase;
			buildActionMask = 2147483647;
			files = (
				C8B105E61962AE88005B6AC5 /* Main.storyboard in Resources */,
				C8B105E81962AE88005B6AC5 /* Images.xcassets in Resources */,
			);
			runOnlyForDeploymentPostprocessing = 0;
		};
		C8B105EB1962AE88005B6AC5 /* Resources */ = {
			isa = PBXResourcesBuildPhase;
			buildActionMask = 2147483647;
			files = (
			);
			runOnlyForDeploymentPostprocessing = 0;
		};
/* End PBXResourcesBuildPhase section */

/* Begin PBXSourcesBuildPhase section */
		C8B105D71962AE88005B6AC5 /* Sources */ = {
			isa = PBXSourcesBuildPhase;
			buildActionMask = 2147483647;
			files = (
				C8B105E31962AE88005B6AC5 /* ViewController.swift in Sources */,
				C8B105E11962AE88005B6AC5 /* AppDelegate.swift in Sources */,
			);
			runOnlyForDeploymentPostprocessing = 0;
		};
		C8B105E91962AE88005B6AC5 /* Sources */ = {
			isa = PBXSourcesBuildPhase;
			buildActionMask = 2147483647;
			files = (
				C8B105F41962AE88005B6AC5 /* How_Many_FingersTests.swift in Sources */,
			);
			runOnlyForDeploymentPostprocessing = 0;
		};
/* End PBXSourcesBuildPhase section */

/* Begin PBXTargetDependency section */
		C8B105EF1962AE88005B6AC5 /* PBXTargetDependency */ = {
			isa = PBXTargetDependency;
			target = C8B105DA1962AE88005B6AC5 /* How Many Fingers */;
			targetProxy = C8B105EE1962AE88005B6AC5 /* PBXContainerItemProxy */;
		};
/* End PBXTargetDependency section */

/* Begin PBXVariantGroup section */
		C8B105E41962AE88005B6AC5 /* Main.storyboard */ = {
			isa = PBXVariantGroup;
			children = (
				C8B105E51962AE88005B6AC5 /* Base */,
			);
			name = Main.storyboard;
			sourceTree = "<group>";
		};
/* End PBXVariantGroup section */

/* Begin XCBuildConfiguration section */
		C8B105F51962AE88005B6AC5 /* Debug */ = {
			isa = XCBuildConfiguration;
			buildSettings = {
				ALWAYS_SEARCH_USER_PATHS = NO;
				CLANG_CXX_LANGUAGE_STANDARD = "gnu++0x";
				CLANG_CXX_LIBRARY = "libc++";
				CLANG_ENABLE_MODULES = YES;
				CLANG_ENABLE_OBJC_ARC = YES;
				CLANG_WARN_BOOL_CONVERSION = YES;
				CLANG_WARN_CONSTANT_CONVERSION = YES;
				CLANG_WARN_DIRECT_OBJC_ISA_USAGE = YES_ERROR;
				CLANG_WARN_EMPTY_BODY = YES;
				CLANG_WARN_ENUM_CONVERSION = YES;
				CLANG_WARN_INT_CONVERSION = YES;
				CLANG_WARN_OBJC_ROOT_CLASS = YES_ERROR;
				CLANG_WARN_UNREACHABLE_CODE = YES;
				CLANG_WARN__DUPLICATE_METHOD_MATCH = YES;
				"CODE_SIGN_IDENTITY[sdk=iphoneos*]" = "iPhone Developer";
				COPY_PHASE_STRIP = NO;
				ENABLE_STRICT_OBJC_MSGSEND = YES;
				GCC_C_LANGUAGE_STANDARD = gnu99;
				GCC_DYNAMIC_NO_PIC = NO;
				GCC_OPTIMIZATION_LEVEL = 0;
				GCC_PREPROCESSOR_DEFINITIONS = (
					"DEBUG=1",
					"$(inherited)",
				);
				GCC_SYMBOLS_PRIVATE_EXTERN = NO;
				GCC_WARN_64_TO_32_BIT_CONVERSION = YES;
				GCC_WARN_ABOUT_RETURN_TYPE = YES_ERROR;
				GCC_WARN_UNDECLARED_SELECTOR = YES;
				GCC_WARN_UNINITIALIZED_AUTOS = YES_AGGRESSIVE;
				GCC_WARN_UNUSED_FUNCTION = YES;
				GCC_WARN_UNUSED_VARIABLE = YES;
				IPHONEOS_DEPLOYMENT_TARGET = 8.0;
				METAL_ENABLE_DEBUG_INFO = YES;
				ONLY_ACTIVE_ARCH = YES;
				SDKROOT = iphoneos;
				SWIFT_OPTIMIZATION_LEVEL = "-Onone";
			};
			name = Debug;
		};
		C8B105F61962AE88005B6AC5 /* Release */ = {
			isa = XCBuildConfiguration;
			buildSettings = {
				ALWAYS_SEARCH_USER_PATHS = NO;
				CLANG_CXX_LANGUAGE_STANDARD = "gnu++0x";
				CLANG_CXX_LIBRARY = "libc++";
				CLANG_ENABLE_MODULES = YES;
				CLANG_ENABLE_OBJC_ARC = YES;
				CLANG_WARN_BOOL_CONVERSION = YES;
				CLANG_WARN_CONSTANT_CONVERSION = YES;
				CLANG_WARN_DIRECT_OBJC_ISA_USAGE = YES_ERROR;
				CLANG_WARN_EMPTY_BODY = YES;
				CLANG_WARN_ENUM_CONVERSION = YES;
				CLANG_WARN_INT_CONVERSION = YES;
				CLANG_WARN_OBJC_ROOT_CLASS = YES_ERROR;
				CLANG_WARN_UNREACHABLE_CODE = YES;
				CLANG_WARN__DUPLICATE_METHOD_MATCH = YES;
				"CODE_SIGN_IDENTITY[sdk=iphoneos*]" = "iPhone Developer";
				COPY_PHASE_STRIP = YES;
				ENABLE_NS_ASSERTIONS = NO;
				ENABLE_STRICT_OBJC_MSGSEND = YES;
				GCC_C_LANGUAGE_STANDARD = gnu99;
				GCC_WARN_64_TO_32_BIT_CONVERSION = YES;
				GCC_WARN_ABOUT_RETURN_TYPE = YES_ERROR;
				GCC_WARN_UNDECLARED_SELECTOR = YES;
				GCC_WARN_UNINITIALIZED_AUTOS = YES_AGGRESSIVE;
				GCC_WARN_UNUSED_FUNCTION = YES;
				GCC_WARN_UNUSED_VARIABLE = YES;
				IPHONEOS_DEPLOYMENT_TARGET = 8.0;
				METAL_ENABLE_DEBUG_INFO = NO;
				SDKROOT = iphoneos;
				VALIDATE_PRODUCT = YES;
			};
			name = Release;
		};
		C8B105F81962AE88005B6AC5 /* Debug */ = {
			isa = XCBuildConfiguration;
			buildSettings = {
				ASSETCATALOG_COMPILER_APPICON_NAME = AppIcon;
				ASSETCATALOG_COMPILER_LAUNCHIMAGE_NAME = LaunchImage;
				INFOPLIST_FILE = "How Many Fingers/Info.plist";
				LD_RUNPATH_SEARCH_PATHS = "$(inherited) @executable_path/Frameworks";
				PRODUCT_NAME = "$(TARGET_NAME)";
			};
			name = Debug;
		};
		C8B105F91962AE88005B6AC5 /* Release */ = {
			isa = XCBuildConfiguration;
			buildSettings = {
				ASSETCATALOG_COMPILER_APPICON_NAME = AppIcon;
				ASSETCATALOG_COMPILER_LAUNCHIMAGE_NAME = LaunchImage;
				INFOPLIST_FILE = "How Many Fingers/Info.plist";
				LD_RUNPATH_SEARCH_PATHS = "$(inherited) @executable_path/Frameworks";
				PRODUCT_NAME = "$(TARGET_NAME)";
			};
			name = Release;
		};
		C8B105FB1962AE88005B6AC5 /* Debug */ = {
			isa = XCBuildConfiguration;
			buildSettings = {
				BUNDLE_LOADER = "$(BUILT_PRODUCTS_DIR)/How Many Fingers.app/How Many Fingers";
				FRAMEWORK_SEARCH_PATHS = (
					"$(SDKROOT)/Developer/Library/Frameworks",
					"$(inherited)",
				);
				GCC_PREPROCESSOR_DEFINITIONS = (
					"DEBUG=1",
					"$(inherited)",
				);
				INFOPLIST_FILE = "How Many FingersTests/Info.plist";
				LD_RUNPATH_SEARCH_PATHS = "$(inherited) @executable_path/Frameworks @loader_path/Frameworks";
				METAL_ENABLE_DEBUG_INFO = YES;
				PRODUCT_NAME = "$(TARGET_NAME)";
				TEST_HOST = "$(BUNDLE_LOADER)";
			};
			name = Debug;
		};
		C8B105FC1962AE88005B6AC5 /* Release */ = {
			isa = XCBuildConfiguration;
			buildSettings = {
				BUNDLE_LOADER = "$(BUILT_PRODUCTS_DIR)/How Many Fingers.app/How Many Fingers";
				FRAMEWORK_SEARCH_PATHS = (
					"$(SDKROOT)/Developer/Library/Frameworks",
					"$(inherited)",
				);
				INFOPLIST_FILE = "How Many FingersTests/Info.plist";
				LD_RUNPATH_SEARCH_PATHS = "$(inherited) @executable_path/Frameworks @loader_path/Frameworks";
				METAL_ENABLE_DEBUG_INFO = NO;
				PRODUCT_NAME = "$(TARGET_NAME)";
				TEST_HOST = "$(BUNDLE_LOADER)";
			};
			name = Release;
		};
/* End XCBuildConfiguration section */

/* Begin XCConfigurationList section */
		C8B105D61962AE88005B6AC5 /* Build configuration list for PBXProject "How Many Fingers" */ = {
			isa = XCConfigurationList;
			buildConfigurations = (
				C8B105F51962AE88005B6AC5 /* Debug */,
				C8B105F61962AE88005B6AC5 /* Release */,
			);
			defaultConfigurationIsVisible = 0;
			defaultConfigurationName = Release;
		};
		C8B105F71962AE88005B6AC5 /* Build configuration list for PBXNativeTarget "How Many Fingers" */ = {
			isa = XCConfigurationList;
			buildConfigurations = (
				C8B105F81962AE88005B6AC5 /* Debug */,
				C8B105F91962AE88005B6AC5 /* Release */,
			);
			defaultConfigurationIsVisible = 0;
		};
		C8B105FA1962AE88005B6AC5 /* Build configuration list for PBXNativeTarget "How Many FingersTests" */ = {
			isa = XCConfigurationList;
			buildConfigurations = (
				C8B105FB1962AE88005B6AC5 /* Debug */,
				C8B105FC1962AE88005B6AC5 /* Release */,
			);
			defaultConfigurationIsVisible = 0;
		};
/* End XCConfigurationList section */
	};
	rootObject = C8B105D31962AE88005B6AC5 /* Project object */;
}
